
Microsoft Visual Studio Solution File, Format Version 12.00
# Visual Studio Version 17
VisualStudioVersion = 17.9.34622.214
MinimumVisualStudioVersion = 10.0.40219.1
Project("{2150E333-8FDC-42A3-9474-1A3956D46DE8}") = "tests", "tests", "{F85BA149-DA23-4815-8259-C5954B1630E9}"
EndProject
Project("{2150E333-8FDC-42A3-9474-1A3956D46DE8}") = "app", "app", "{3E792D4E-7304-4936-8590-46CA2FCD486A}"
EndProject
Project("{9A19103F-16F7-4668-BE54-9A1E7A4F7556}") = "fiap.testedotnet.unittests", "src\tests\fiap.testedotnet.unittests\fiap.testedotnet.unittests.csproj", "{3AD21923-D907-403A-9754-2C6C1FB1022D}"
EndProject
Project("{9A19103F-16F7-4668-BE54-9A1E7A4F7556}") = "fiap.testedotnet.domain", "src\app\fiap.testedotnet.domain\fiap.testedotnet.domain.csproj", "{1712A645-63C3-4335-A707-6263885DF8D8}"
EndProject
Project("{9A19103F-16F7-4668-BE54-9A1E7A4F7556}") = "fiap.testedotnet.application", "src\app\fiap.testedotnet.application\fiap.testedotnet.application.csproj", "{55BB07AD-3858-4F56-A5C4-F80580B2A7BE}"
EndProject
Project("{9A19103F-16F7-4668-BE54-9A1E7A4F7556}") = "fiap.testedotnet.api", "src\app\fiap.testedotnet.api\fiap.testedotnet.api.csproj", "{7EFA5994-72F9-4E41-8057-0358D550194D}"
EndProject
Project("{9A19103F-16F7-4668-BE54-9A1E7A4F7556}") = "fiap.testedotnet.infrastructure", "src\app\fiap.testedotnet.infrastructure\fiap.testedotnet.infrastructure.csproj", "{1C3E9C14-A56F-438A-915E-7CC2C58FDAE0}"
	ProjectSection(ProjectDependencies) = postProject
		{55BB07AD-3858-4F56-A5C4-F80580B2A7BE} = {55BB07AD-3858-4F56-A5C4-F80580B2A7BE}
	EndProjectSection
EndProject
Project("{9A19103F-16F7-4668-BE54-9A1E7A4F7556}") = "fiap.testedotnet.ui", "src\app\fiap.testedotnet.ui\fiap.testedotnet.ui.csproj", "{CAE6F876-CF82-4DB7-BC95-351BDDBFF5EE}"
EndProject
Global
	GlobalSection(SolutionConfigurationPlatforms) = preSolution
		Debug|Any CPU = Debug|Any CPU
		Release|Any CPU = Release|Any CPU
	EndGlobalSection
	GlobalSection(ProjectConfigurationPlatforms) = postSolution
		{3AD21923-D907-403A-9754-2C6C1FB1022D}.Debug|Any CPU.ActiveCfg = Debug|Any CPU
		{3AD21923-D907-403A-9754-2C6C1FB1022D}.Debug|Any CPU.Build.0 = Debug|Any CPU
		{3AD21923-D907-403A-9754-2C6C1FB1022D}.Release|Any CPU.ActiveCfg = Release|Any CPU
		{3AD21923-D907-403A-9754-2C6C1FB1022D}.Release|Any CPU.Build.0 = Release|Any CPU
		{1712A645-63C3-4335-A707-6263885DF8D8}.Debug|Any CPU.ActiveCfg = Debug|Any CPU
		{1712A645-63C3-4335-A707-6263885DF8D8}.Debug|Any CPU.Build.0 = Debug|Any CPU
		{1712A645-63C3-4335-A707-6263885DF8D8}.Release|Any CPU.ActiveCfg = Release|Any CPU
		{1712A645-63C3-4335-A707-6263885DF8D8}.Release|Any CPU.Build.0 = Release|Any CPU
		{55BB07AD-3858-4F56-A5C4-F80580B2A7BE}.Debug|Any CPU.ActiveCfg = Debug|Any CPU
		{55BB07AD-3858-4F56-A5C4-F80580B2A7BE}.Debug|Any CPU.Build.0 = Debug|Any CPU
		{55BB07AD-3858-4F56-A5C4-F80580B2A7BE}.Release|Any CPU.ActiveCfg = Release|Any CPU
		{55BB07AD-3858-4F56-A5C4-F80580B2A7BE}.Release|Any CPU.Build.0 = Release|Any CPU
		{7EFA5994-72F9-4E41-8057-0358D550194D}.Debug|Any CPU.ActiveCfg = Debug|Any CPU
		{7EFA5994-72F9-4E41-8057-0358D550194D}.Debug|Any CPU.Build.0 = Debug|Any CPU
		{7EFA5994-72F9-4E41-8057-0358D550194D}.Release|Any CPU.ActiveCfg = Release|Any CPU
		{7EFA5994-72F9-4E41-8057-0358D550194D}.Release|Any CPU.Build.0 = Release|Any CPU
		{1C3E9C14-A56F-438A-915E-7CC2C58FDAE0}.Debug|Any CPU.ActiveCfg = Debug|Any CPU
		{1C3E9C14-A56F-438A-915E-7CC2C58FDAE0}.Debug|Any CPU.Build.0 = Debug|Any CPU
		{1C3E9C14-A56F-438A-915E-7CC2C58FDAE0}.Release|Any CPU.ActiveCfg = Release|Any CPU
		{1C3E9C14-A56F-438A-915E-7CC2C58FDAE0}.Release|Any CPU.Build.0 = Release|Any CPU
		{CAE6F876-CF82-4DB7-BC95-351BDDBFF5EE}.Debug|Any CPU.ActiveCfg = Debug|Any CPU
		{CAE6F876-CF82-4DB7-BC95-351BDDBFF5EE}.Debug|Any CPU.Build.0 = Debug|Any CPU
		{CAE6F876-CF82-4DB7-BC95-351BDDBFF5EE}.Release|Any CPU.ActiveCfg = Release|Any CPU
		{CAE6F876-CF82-4DB7-BC95-351BDDBFF5EE}.Release|Any CPU.Build.0 = Release|Any CPU
	EndGlobalSection
	GlobalSection(SolutionProperties) = preSolution
		HideSolutionNode = FALSE
	EndGlobalSection
	GlobalSection(NestedProjects) = preSolution
		{3AD21923-D907-403A-9754-2C6C1FB1022D} = {F85BA149-DA23-4815-8259-C5954B1630E9}
		{1712A645-63C3-4335-A707-6263885DF8D8} = {3E792D4E-7304-4936-8590-46CA2FCD486A}
		{55BB07AD-3858-4F56-A5C4-F80580B2A7BE} = {3E792D4E-7304-4936-8590-46CA2FCD486A}
		{7EFA5994-72F9-4E41-8057-0358D550194D} = {3E792D4E-7304-4936-8590-46CA2FCD486A}
		{1C3E9C14-A56F-438A-915E-7CC2C58FDAE0} = {3E792D4E-7304-4936-8590-46CA2FCD486A}
		{CAE6F876-CF82-4DB7-BC95-351BDDBFF5EE} = {3E792D4E-7304-4936-8590-46CA2FCD486A}
	EndGlobalSection
	GlobalSection(ExtensibilityGlobals) = postSolution
		SolutionGuid = {96F19C60-B5BF-482A-87F2-1D78BFF08C0B}
	EndGlobalSection
EndGlobal
